// !$*UTF8*$!
{
	archiveVersion = 1;
	classes = {
	};
	objectVersion = 46;
	objects = {

/* Begin PBXBuildFile section */
		0609E4A61E6284DD005965C5 /* Roboto-Medium.ttf in Resources */ = {isa = PBXBuildFile; fileRef = 0609E4A51E6284DD005965C5 /* Roboto-Medium.ttf */; };
		0609E4A81E632DF4005965C5 /* DashboardViewController.swift in Sources */ = {isa = PBXBuildFile; fileRef = 0609E4A71E632DF4005965C5 /* DashboardViewController.swift */; };
		0609E4CD1E649578005965C5 /* SignupViewController.swift in Sources */ = {isa = PBXBuildFile; fileRef = 0609E4CC1E649578005965C5 /* SignupViewController.swift */; };
		0609E4CF1E649596005965C5 /* LoginViewController.swift in Sources */ = {isa = PBXBuildFile; fileRef = 0609E4CE1E649596005965C5 /* LoginViewController.swift */; };
		0609E4D11E64A5EA005965C5 /* Roboto-Italic.ttf in Resources */ = {isa = PBXBuildFile; fileRef = 0609E4D01E64A5EA005965C5 /* Roboto-Italic.ttf */; };
		06110EA91EB925BF00C901C5 /* ChangePasswordViewController.swift in Sources */ = {isa = PBXBuildFile; fileRef = 06110EA81EB925BF00C901C5 /* ChangePasswordViewController.swift */; };
		0613068C1E625996008E5898 /* Roboto-Regular.ttf in Resources */ = {isa = PBXBuildFile; fileRef = 0613068B1E625996008E5898 /* Roboto-Regular.ttf */; };
		0613068E1E626DBA008E5898 /* Roboto-Bold.ttf in Resources */ = {isa = PBXBuildFile; fileRef = 0613068D1E626DBA008E5898 /* Roboto-Bold.ttf */; };
		061306901E626FC9008E5898 /* Roboto-Light.ttf in Resources */ = {isa = PBXBuildFile; fileRef = 0613068F1E626FC9008E5898 /* Roboto-Light.ttf */; };
		0617DFA11E7B6F81006D73C5 /* GridLine.swift in Sources */ = {isa = PBXBuildFile; fileRef = 0617DFA01E7B6F81006D73C5 /* GridLine.swift */; };
		0617DFA31E7C7E7F006D73C5 /* SettingsViewController.swift in Sources */ = {isa = PBXBuildFile; fileRef = 0617DFA21E7C7E7F006D73C5 /* SettingsViewController.swift */; };
		0617DFA51E7DBDC7006D73C5 /* LoadSaveCoreData.swift in Sources */ = {isa = PBXBuildFile; fileRef = 0617DFA41E7DBDC7006D73C5 /* LoadSaveCoreData.swift */; };
		062BD2DC20E5C7A7002C5E3C /* AlertCollectionViewCell.swift in Sources */ = {isa = PBXBuildFile; fileRef = 062BD2DB20E5C7A7002C5E3C /* AlertCollectionViewCell.swift */; };
		062BD2DE20E6EC81002C5E3C /* AlertCollectionView.swift in Sources */ = {isa = PBXBuildFile; fileRef = 062BD2DD20E6EC81002C5E3C /* AlertCollectionView.swift */; };
		062CC7371EDCA66400E2520A /* IndexListOfStocks.swift in Sources */ = {isa = PBXBuildFile; fileRef = 062CC7361EDCA66400E2520A /* IndexListOfStocks.swift */; };
		063A02591F7326D700E530D5 /* CacheManager.swift in Sources */ = {isa = PBXBuildFile; fileRef = 063A02581F7326D700E530D5 /* CacheManager.swift */; };
		064193691F08483600B7B3FE /* DroidSerif-Regular.ttf in Resources */ = {isa = PBXBuildFile; fileRef = 064193681F0847C500B7B3FE /* DroidSerif-Regular.ttf */; };
		0641936B1F086EDB00B7B3FE /* AddPhoneNumberViewController.swift in Sources */ = {isa = PBXBuildFile; fileRef = 0641936A1F086EDB00B7B3FE /* AddPhoneNumberViewController.swift */; };
		06478E6D1EE38E390016DF88 /* GoogleService-Info.plist in Resources */ = {isa = PBXBuildFile; fileRef = 06478E6C1EE38E390016DF88 /* GoogleService-Info.plist */; };
		06478E6F1EE5CC100016DF88 /* AddStockTickerViewController.swift in Sources */ = {isa = PBXBuildFile; fileRef = 06478E6E1EE5CC100016DF88 /* AddStockTickerViewController.swift */; };
		06478E711EE5DA450016DF88 /* AddStockPriceViewController.swift in Sources */ = {isa = PBXBuildFile; fileRef = 06478E701EE5DA450016DF88 /* AddStockPriceViewController.swift */; };
		06478E751EE610BC0016DF88 /* AddStockAlertViewController.swift in Sources */ = {isa = PBXBuildFile; fileRef = 06478E741EE610BC0016DF88 /* AddStockAlertViewController.swift */; };
		0672601B1E67BD5B00F54500 /* StockGraphView2.swift in Sources */ = {isa = PBXBuildFile; fileRef = 0672601A1E67BD5B00F54500 /* StockGraphView2.swift */; };
		06813A721F616BEE00A420EF /* Alpha.swift in Sources */ = {isa = PBXBuildFile; fileRef = 06813A711F616BEE00A420EF /* Alpha.swift */; };
		0681F42D1FDC3F8400082DCC /* CompareScroll.swift in Sources */ = {isa = PBXBuildFile; fileRef = 0681F42C1FDC3F8400082DCC /* CompareScroll.swift */; };
		06866FA61EDFA18B003D0C46 /* StoreKit.framework in Frameworks */ = {isa = PBXBuildFile; fileRef = 06866FA51EDFA18B003D0C46 /* StoreKit.framework */; };
		068D8D251E72F0D700E422DB /* Dot.swift in Sources */ = {isa = PBXBuildFile; fileRef = 068D8D241E72F0D700E422DB /* Dot.swift */; };
		069FD1221E5382D4003BDFE2 /* AppDelegate.swift in Sources */ = {isa = PBXBuildFile; fileRef = 069FD1211E5382D4003BDFE2 /* AppDelegate.swift */; };
		069FD1241E5382D4003BDFE2 /* GraphViewController.swift in Sources */ = {isa = PBXBuildFile; fileRef = 069FD1231E5382D4003BDFE2 /* GraphViewController.swift */; };
		069FD1271E5382D4003BDFE2 /* Main.storyboard in Resources */ = {isa = PBXBuildFile; fileRef = 069FD1251E5382D4003BDFE2 /* Main.storyboard */; };
		069FD12A1E5382D4003BDFE2 /* firetail.xcdatamodeld in Sources */ = {isa = PBXBuildFile; fileRef = 069FD1281E5382D4003BDFE2 /* firetail.xcdatamodeld */; };
		069FD12C1E5382D4003BDFE2 /* Assets.xcassets in Resources */ = {isa = PBXBuildFile; fileRef = 069FD12B1E5382D4003BDFE2 /* Assets.xcassets */; };
		069FD1371E538926003BDFE2 /* ViewSetup.swift in Sources */ = {isa = PBXBuildFile; fileRef = 069FD1361E538926003BDFE2 /* ViewSetup.swift */; };
		06AC27081E7319F700041D1F /* CompareScrollDot.swift in Sources */ = {isa = PBXBuildFile; fileRef = 06AC27071E7319F700041D1F /* CompareScrollDot.swift */; };
		06BB409C1F753E330068636E /* AppLoadingData.swift in Sources */ = {isa = PBXBuildFile; fileRef = 06BB409B1F753E330068636E /* AppLoadingData.swift */; };
		06DBD44820EB14C500EFD6AB /* AlertSort.swift in Sources */ = {isa = PBXBuildFile; fileRef = 06DBD44720EB14C500EFD6AB /* AlertSort.swift */; };
		06DBD44A20EB152200EFD6AB /* MyFileManager.swift in Sources */ = {isa = PBXBuildFile; fileRef = 06DBD44920EB152200EFD6AB /* MyFileManager.swift */; };
		06DDBE261F795A5B00C36CB6 /* CustomColor.swift in Sources */ = {isa = PBXBuildFile; fileRef = 06DDBE251F795A5B00C36CB6 /* CustomColor.swift */; };
		06F15E901ED7B3ED00288413 /* Google.swift in Sources */ = {isa = PBXBuildFile; fileRef = 06F15E8F1ED7B3ED00288413 /* Google.swift */; };
		06FC95B91E77415500DF7559 /* DailyGraphForAlertView.swift in Sources */ = {isa = PBXBuildFile; fileRef = 06FC95B81E77415500DF7559 /* DailyGraphForAlertView.swift */; };
		06FDA8DA1E6F15700043BC90 /* BaseOfGraphView.swift in Sources */ = {isa = PBXBuildFile; fileRef = 06FDA8D91E6F15700043BC90 /* BaseOfGraphView.swift */; };
		06FDA8E01E71B9960043BC90 /* Sets.swift in Sources */ = {isa = PBXBuildFile; fileRef = 06FDA8DF1E71B9960043BC90 /* Sets.swift */; };
		0AD139DF73E251FE0D4D3193 /* Pods_firetail.framework in Frameworks */ = {isa = PBXBuildFile; fileRef = 587D23A742B0C36434F2833B /* Pods_firetail.framework */; };
/* End PBXBuildFile section */

/* Begin PBXFileReference section */
		0609E4A51E6284DD005965C5 /* Roboto-Medium.ttf */ = {isa = PBXFileReference; lastKnownFileType = file; path = "Roboto-Medium.ttf"; sourceTree = "<group>"; };
		0609E4A71E632DF4005965C5 /* DashboardViewController.swift */ = {isa = PBXFileReference; fileEncoding = 4; lastKnownFileType = sourcecode.swift; path = DashboardViewController.swift; sourceTree = "<group>"; };
		0609E4CC1E649578005965C5 /* SignupViewController.swift */ = {isa = PBXFileReference; fileEncoding = 4; lastKnownFileType = sourcecode.swift; path = SignupViewController.swift; sourceTree = "<group>"; };
		0609E4CE1E649596005965C5 /* LoginViewController.swift */ = {isa = PBXFileReference; fileEncoding = 4; lastKnownFileType = sourcecode.swift; path = LoginViewController.swift; sourceTree = "<group>"; };
		0609E4D01E64A5EA005965C5 /* Roboto-Italic.ttf */ = {isa = PBXFileReference; lastKnownFileType = file; path = "Roboto-Italic.ttf"; sourceTree = "<group>"; };
		06110EA81EB925BF00C901C5 /* ChangePasswordViewController.swift */ = {isa = PBXFileReference; fileEncoding = 4; lastKnownFileType = sourcecode.swift; path = ChangePasswordViewController.swift; sourceTree = "<group>"; };
		0613068B1E625996008E5898 /* Roboto-Regular.ttf */ = {isa = PBXFileReference; lastKnownFileType = file; path = "Roboto-Regular.ttf"; sourceTree = "<group>"; };
		0613068D1E626DBA008E5898 /* Roboto-Bold.ttf */ = {isa = PBXFileReference; lastKnownFileType = file; path = "Roboto-Bold.ttf"; sourceTree = "<group>"; };
		0613068F1E626FC9008E5898 /* Roboto-Light.ttf */ = {isa = PBXFileReference; lastKnownFileType = file; path = "Roboto-Light.ttf"; sourceTree = "<group>"; };
		0617DFA01E7B6F81006D73C5 /* GridLine.swift */ = {isa = PBXFileReference; fileEncoding = 4; lastKnownFileType = sourcecode.swift; path = GridLine.swift; sourceTree = "<group>"; };
		0617DFA21E7C7E7F006D73C5 /* SettingsViewController.swift */ = {isa = PBXFileReference; fileEncoding = 4; lastKnownFileType = sourcecode.swift; path = SettingsViewController.swift; sourceTree = "<group>"; };
		0617DFA41E7DBDC7006D73C5 /* LoadSaveCoreData.swift */ = {isa = PBXFileReference; fileEncoding = 4; lastKnownFileType = sourcecode.swift; path = LoadSaveCoreData.swift; sourceTree = "<group>"; };
		062BD2DB20E5C7A7002C5E3C /* AlertCollectionViewCell.swift */ = {isa = PBXFileReference; lastKnownFileType = sourcecode.swift; path = AlertCollectionViewCell.swift; sourceTree = "<group>"; };
		062BD2DD20E6EC81002C5E3C /* AlertCollectionView.swift */ = {isa = PBXFileReference; lastKnownFileType = sourcecode.swift; path = AlertCollectionView.swift; sourceTree = "<group>"; };
		062CC7361EDCA66400E2520A /* IndexListOfStocks.swift */ = {isa = PBXFileReference; fileEncoding = 4; lastKnownFileType = sourcecode.swift; path = IndexListOfStocks.swift; sourceTree = "<group>"; };
		063A02581F7326D700E530D5 /* CacheManager.swift */ = {isa = PBXFileReference; lastKnownFileType = sourcecode.swift; path = CacheManager.swift; sourceTree = "<group>"; };
		063A025A1F741E0A00E530D5 /* firetail v2.xcdatamodel */ = {isa = PBXFileReference; lastKnownFileType = wrapper.xcdatamodel; path = "firetail v2.xcdatamodel"; sourceTree = "<group>"; };
		064193681F0847C500B7B3FE /* DroidSerif-Regular.ttf */ = {isa = PBXFileReference; lastKnownFileType = file; path = "DroidSerif-Regular.ttf"; sourceTree = "<group>"; };
		0641936A1F086EDB00B7B3FE /* AddPhoneNumberViewController.swift */ = {isa = PBXFileReference; fileEncoding = 4; lastKnownFileType = sourcecode.swift; path = AddPhoneNumberViewController.swift; sourceTree = "<group>"; };
		06478E6C1EE38E390016DF88 /* GoogleService-Info.plist */ = {isa = PBXFileReference; fileEncoding = 4; lastKnownFileType = text.plist.xml; path = "GoogleService-Info.plist"; sourceTree = "<group>"; };
		06478E6E1EE5CC100016DF88 /* AddStockTickerViewController.swift */ = {isa = PBXFileReference; fileEncoding = 4; lastKnownFileType = sourcecode.swift; path = AddStockTickerViewController.swift; sourceTree = "<group>"; };
		06478E701EE5DA450016DF88 /* AddStockPriceViewController.swift */ = {isa = PBXFileReference; fileEncoding = 4; lastKnownFileType = sourcecode.swift; path = AddStockPriceViewController.swift; sourceTree = "<group>"; };
		06478E741EE610BC0016DF88 /* AddStockAlertViewController.swift */ = {isa = PBXFileReference; fileEncoding = 4; lastKnownFileType = sourcecode.swift; path = AddStockAlertViewController.swift; sourceTree = "<group>"; };
		0672601A1E67BD5B00F54500 /* StockGraphView2.swift */ = {isa = PBXFileReference; fileEncoding = 4; lastKnownFileType = sourcecode.swift; path = StockGraphView2.swift; sourceTree = "<group>"; };
		06813A711F616BEE00A420EF /* Alpha.swift */ = {isa = PBXFileReference; fileEncoding = 4; lastKnownFileType = sourcecode.swift; path = Alpha.swift; sourceTree = "<group>"; };
		0681F42C1FDC3F8400082DCC /* CompareScroll.swift */ = {isa = PBXFileReference; fileEncoding = 4; lastKnownFileType = sourcecode.swift; path = CompareScroll.swift; sourceTree = "<group>"; };
		06866FA51EDFA18B003D0C46 /* StoreKit.framework */ = {isa = PBXFileReference; lastKnownFileType = wrapper.framework; name = StoreKit.framework; path = System/Library/Frameworks/StoreKit.framework; sourceTree = SDKROOT; };
		068D8D241E72F0D700E422DB /* Dot.swift */ = {isa = PBXFileReference; fileEncoding = 4; lastKnownFileType = sourcecode.swift; path = Dot.swift; sourceTree = "<group>"; };
		069FD11E1E5382D4003BDFE2 /* firetail.app */ = {isa = PBXFileReference; explicitFileType = wrapper.application; includeInIndex = 0; path = firetail.app; sourceTree = BUILT_PRODUCTS_DIR; };
		069FD1211E5382D4003BDFE2 /* AppDelegate.swift */ = {isa = PBXFileReference; lastKnownFileType = sourcecode.swift; path = AppDelegate.swift; sourceTree = "<group>"; };
		069FD1231E5382D4003BDFE2 /* GraphViewController.swift */ = {isa = PBXFileReference; lastKnownFileType = sourcecode.swift; path = GraphViewController.swift; sourceTree = "<group>"; };
		069FD1261E5382D4003BDFE2 /* Base */ = {isa = PBXFileReference; lastKnownFileType = file.storyboard; name = Base; path = Base.lproj/Main.storyboard; sourceTree = "<group>"; };
		069FD1291E5382D4003BDFE2 /* firetail.xcdatamodel */ = {isa = PBXFileReference; lastKnownFileType = wrapper.xcdatamodel; path = firetail.xcdatamodel; sourceTree = "<group>"; };
		069FD12B1E5382D4003BDFE2 /* Assets.xcassets */ = {isa = PBXFileReference; lastKnownFileType = folder.assetcatalog; path = Assets.xcassets; sourceTree = "<group>"; };
		069FD1301E5382D4003BDFE2 /* Info.plist */ = {isa = PBXFileReference; lastKnownFileType = text.plist.xml; path = Info.plist; sourceTree = "<group>"; };
		069FD1361E538926003BDFE2 /* ViewSetup.swift */ = {isa = PBXFileReference; fileEncoding = 4; lastKnownFileType = sourcecode.swift; path = ViewSetup.swift; sourceTree = "<group>"; };
		06A914021E817E0900D032A9 /* firetail.entitlements */ = {isa = PBXFileReference; lastKnownFileType = text.plist.entitlements; path = firetail.entitlements; sourceTree = "<group>"; };
		06AC27071E7319F700041D1F /* CompareScrollDot.swift */ = {isa = PBXFileReference; fileEncoding = 4; lastKnownFileType = sourcecode.swift; path = CompareScrollDot.swift; sourceTree = "<group>"; };
		06BB409B1F753E330068636E /* AppLoadingData.swift */ = {isa = PBXFileReference; lastKnownFileType = sourcecode.swift; path = AppLoadingData.swift; sourceTree = "<group>"; };
		06DBD44720EB14C500EFD6AB /* AlertSort.swift */ = {isa = PBXFileReference; lastKnownFileType = sourcecode.swift; path = AlertSort.swift; sourceTree = "<group>"; };
		06DBD44920EB152200EFD6AB /* MyFileManager.swift */ = {isa = PBXFileReference; lastKnownFileType = sourcecode.swift; path = MyFileManager.swift; sourceTree = "<group>"; };
		06DDBE251F795A5B00C36CB6 /* CustomColor.swift */ = {isa = PBXFileReference; lastKnownFileType = sourcecode.swift; path = CustomColor.swift; sourceTree = "<group>"; };
		06F15E8F1ED7B3ED00288413 /* Google.swift */ = {isa = PBXFileReference; fileEncoding = 4; lastKnownFileType = sourcecode.swift; path = Google.swift; sourceTree = "<group>"; };
		06FC95B81E77415500DF7559 /* DailyGraphForAlertView.swift */ = {isa = PBXFileReference; fileEncoding = 4; lastKnownFileType = sourcecode.swift; path = DailyGraphForAlertView.swift; sourceTree = "<group>"; };
		06FDA8D91E6F15700043BC90 /* BaseOfGraphView.swift */ = {isa = PBXFileReference; fileEncoding = 4; lastKnownFileType = sourcecode.swift; path = BaseOfGraphView.swift; sourceTree = "<group>"; };
		06FDA8DF1E71B9960043BC90 /* Sets.swift */ = {isa = PBXFileReference; fileEncoding = 4; lastKnownFileType = sourcecode.swift; path = Sets.swift; sourceTree = "<group>"; };
		4247F9327201846B6980BFCB /* Pods-firetail.release.xcconfig */ = {isa = PBXFileReference; includeInIndex = 1; lastKnownFileType = text.xcconfig; name = "Pods-firetail.release.xcconfig"; path = "Pods/Target Support Files/Pods-firetail/Pods-firetail.release.xcconfig"; sourceTree = "<group>"; };
		587D23A742B0C36434F2833B /* Pods_firetail.framework */ = {isa = PBXFileReference; explicitFileType = wrapper.framework; includeInIndex = 0; path = Pods_firetail.framework; sourceTree = BUILT_PRODUCTS_DIR; };
		7D7C2B103539D5E6DBD6614D /* Pods-firetail.debug.xcconfig */ = {isa = PBXFileReference; includeInIndex = 1; lastKnownFileType = text.xcconfig; name = "Pods-firetail.debug.xcconfig"; path = "Pods/Target Support Files/Pods-firetail/Pods-firetail.debug.xcconfig"; sourceTree = "<group>"; };
/* End PBXFileReference section */

/* Begin PBXFrameworksBuildPhase section */
		069FD11B1E5382D4003BDFE2 /* Frameworks */ = {
			isa = PBXFrameworksBuildPhase;
			buildActionMask = 2147483647;
			files = (
				0AD139DF73E251FE0D4D3193 /* Pods_firetail.framework in Frameworks */,
				06866FA61EDFA18B003D0C46 /* StoreKit.framework in Frameworks */,
			);
			runOnlyForDeploymentPostprocessing = 0;
		};
/* End PBXFrameworksBuildPhase section */

/* Begin PBXGroup section */
		062BD2DF20E6EC98002C5E3C /* Dashboard */ = {
			isa = PBXGroup;
			children = (
				062BD2DB20E5C7A7002C5E3C /* AlertCollectionViewCell.swift */,
				062BD2DD20E6EC81002C5E3C /* AlertCollectionView.swift */,
				06DBD44720EB14C500EFD6AB /* AlertSort.swift */,
				06DBD44920EB152200EFD6AB /* MyFileManager.swift */,
			);
			name = Dashboard;
			sourceTree = "<group>";
		};
		069FD1151E5382D3003BDFE2 = {
			isa = PBXGroup;
			children = (
				069FD1201E5382D4003BDFE2 /* firetail */,
				069FD11F1E5382D4003BDFE2 /* Products */,
				5B335822E5A875FD341CB99E /* Pods */,
				259453A1E67893F45BCB5AE2 /* Frameworks */,
			);
			sourceTree = "<group>";
		};
		069FD11F1E5382D4003BDFE2 /* Products */ = {
			isa = PBXGroup;
			children = (
				069FD11E1E5382D4003BDFE2 /* firetail.app */,
			);
			name = Products;
			sourceTree = "<group>";
		};
		069FD1201E5382D4003BDFE2 /* firetail */ = {
			isa = PBXGroup;
			children = (
				06A914021E817E0900D032A9 /* firetail.entitlements */,
				069FD1211E5382D4003BDFE2 /* AppDelegate.swift */,
				06AE51491F2020C3008C5B3C /* ViewController */,
				06DDBE241F7949E700C36CB6 /* BootingApp */,
				06DDBE281F79B9F300C36CB6 /* FetchClasses */,
				06AE514B1F202117008C5B3C /* Supporting */,
				069FD1251E5382D4003BDFE2 /* Main.storyboard */,
				069FD12B1E5382D4003BDFE2 /* Assets.xcassets */,
				06DDBE271F79B9B400C36CB6 /* Archives */,
				06AE514A1F2020F4008C5B3C /* font */,
				06478E6C1EE38E390016DF88 /* GoogleService-Info.plist */,
				069FD1301E5382D4003BDFE2 /* Info.plist */,
				069FD1281E5382D4003BDFE2 /* firetail.xcdatamodeld */,
				062BD2DF20E6EC98002C5E3C /* Dashboard */,
			);
			path = firetail;
			sourceTree = "<group>";
		};
		06AE51491F2020C3008C5B3C /* ViewController */ = {
			isa = PBXGroup;
			children = (
				0609E4A71E632DF4005965C5 /* DashboardViewController.swift */,
				06478E6E1EE5CC100016DF88 /* AddStockTickerViewController.swift */,
				06478E701EE5DA450016DF88 /* AddStockPriceViewController.swift */,
				06478E741EE610BC0016DF88 /* AddStockAlertViewController.swift */,
				0609E4CC1E649578005965C5 /* SignupViewController.swift */,
				0609E4CE1E649596005965C5 /* LoginViewController.swift */,
				0617DFA21E7C7E7F006D73C5 /* SettingsViewController.swift */,
				069FD1231E5382D4003BDFE2 /* GraphViewController.swift */,
				06110EA81EB925BF00C901C5 /* ChangePasswordViewController.swift */,
				0641936A1F086EDB00B7B3FE /* AddPhoneNumberViewController.swift */,
				069FD1361E538926003BDFE2 /* ViewSetup.swift */,
			);
			name = ViewController;
			sourceTree = "<group>";
		};
		06AE514A1F2020F4008C5B3C /* font */ = {
			isa = PBXGroup;
			children = (
				064193681F0847C500B7B3FE /* DroidSerif-Regular.ttf */,
				0609E4D01E64A5EA005965C5 /* Roboto-Italic.ttf */,
				0609E4A51E6284DD005965C5 /* Roboto-Medium.ttf */,
				0613068B1E625996008E5898 /* Roboto-Regular.ttf */,
				0613068D1E626DBA008E5898 /* Roboto-Bold.ttf */,
				0613068F1E626FC9008E5898 /* Roboto-Light.ttf */,
			);
			name = font;
			sourceTree = "<group>";
		};
		06AE514B1F202117008C5B3C /* Supporting */ = {
			isa = PBXGroup;
			children = (
				06DDBE251F795A5B00C36CB6 /* CustomColor.swift */,
				06FDA8DF1E71B9960043BC90 /* Sets.swift */,
				068D8D241E72F0D700E422DB /* Dot.swift */,
				0681F42C1FDC3F8400082DCC /* CompareScroll.swift */,
				06AC27071E7319F700041D1F /* CompareScrollDot.swift */,
				06FC95B81E77415500DF7559 /* DailyGraphForAlertView.swift */,
				062CC7361EDCA66400E2520A /* IndexListOfStocks.swift */,
				0617DFA01E7B6F81006D73C5 /* GridLine.swift */,
				0672601A1E67BD5B00F54500 /* StockGraphView2.swift */,
				0617DFA41E7DBDC7006D73C5 /* LoadSaveCoreData.swift */,
				06FDA8D91E6F15700043BC90 /* BaseOfGraphView.swift */,
			);
			name = Supporting;
			sourceTree = "<group>";
		};
		06DDBE241F7949E700C36CB6 /* BootingApp */ = {
			isa = PBXGroup;
			children = (
				06BB409B1F753E330068636E /* AppLoadingData.swift */,
			);
			name = BootingApp;
			sourceTree = "<group>";
		};
		06DDBE271F79B9B400C36CB6 /* Archives */ = {
			isa = PBXGroup;
			children = (
				06F15E8F1ED7B3ED00288413 /* Google.swift */,
			);
			name = Archives;
			sourceTree = "<group>";
		};
		06DDBE281F79B9F300C36CB6 /* FetchClasses */ = {
			isa = PBXGroup;
			children = (
				06813A711F616BEE00A420EF /* Alpha.swift */,
				063A02581F7326D700E530D5 /* CacheManager.swift */,
			);
			name = FetchClasses;
			sourceTree = "<group>";
		};
		259453A1E67893F45BCB5AE2 /* Frameworks */ = {
			isa = PBXGroup;
			children = (
				06866FA51EDFA18B003D0C46 /* StoreKit.framework */,
				587D23A742B0C36434F2833B /* Pods_firetail.framework */,
			);
			name = Frameworks;
			sourceTree = "<group>";
		};
		5B335822E5A875FD341CB99E /* Pods */ = {
			isa = PBXGroup;
			children = (
				7D7C2B103539D5E6DBD6614D /* Pods-firetail.debug.xcconfig */,
				4247F9327201846B6980BFCB /* Pods-firetail.release.xcconfig */,
			);
			name = Pods;
			sourceTree = "<group>";
		};
/* End PBXGroup section */

/* Begin PBXNativeTarget section */
		069FD11D1E5382D4003BDFE2 /* firetail */ = {
			isa = PBXNativeTarget;
			buildConfigurationList = 069FD1331E5382D4003BDFE2 /* Build configuration list for PBXNativeTarget "firetail" */;
			buildPhases = (
				D61023DEF98DC337ABF4A391 /* [CP] Check Pods Manifest.lock */,
				069FD11A1E5382D4003BDFE2 /* Sources */,
				069FD11B1E5382D4003BDFE2 /* Frameworks */,
				069FD11C1E5382D4003BDFE2 /* Resources */,
				FE571FB095EE8D6F88829340 /* [CP] Embed Pods Frameworks */,
				A84EBC8586DBFDB8257B3101 /* [CP] Copy Pods Resources */,
				061E2CB41F1A9F2E004AD3BB /* ShellScript */,
			);
			buildRules = (
			);
			dependencies = (
			);
			name = firetail;
			productName = firetail;
			productReference = 069FD11E1E5382D4003BDFE2 /* firetail.app */;
			productType = "com.apple.product-type.application";
		};
/* End PBXNativeTarget section */

/* Begin PBXProject section */
		069FD1161E5382D3003BDFE2 /* Project object */ = {
			isa = PBXProject;
			attributes = {
				LastSwiftUpdateCheck = 0820;
				LastUpgradeCheck = 0930;
				ORGANIZATIONNAME = "Aaron Halvorsen";
				TargetAttributes = {
					069FD11D1E5382D4003BDFE2 = {
						CreatedOnToolsVersion = 8.2.1;
						DevelopmentTeam = 3KFA49ZHXN;
						LastSwiftMigration = 0900;
						ProvisioningStyle = Automatic;
						SystemCapabilities = {
							com.apple.BackgroundModes = {
								enabled = 1;
							};
							com.apple.InAppPurchase = {
								enabled = 1;
							};
							com.apple.Keychain = {
								enabled = 0;
							};
							com.apple.Push = {
								enabled = 1;
							};
						};
					};
				};
			};
			buildConfigurationList = 069FD1191E5382D3003BDFE2 /* Build configuration list for PBXProject "firetail" */;
			compatibilityVersion = "Xcode 3.2";
			developmentRegion = English;
			hasScannedForEncodings = 0;
			knownRegions = (
				en,
				Base,
			);
			mainGroup = 069FD1151E5382D3003BDFE2;
			productRefGroup = 069FD11F1E5382D4003BDFE2 /* Products */;
			projectDirPath = "";
			projectRoot = "";
			targets = (
				069FD11D1E5382D4003BDFE2 /* firetail */,
			);
		};
/* End PBXProject section */

/* Begin PBXResourcesBuildPhase section */
		069FD11C1E5382D4003BDFE2 /* Resources */ = {
			isa = PBXResourcesBuildPhase;
			buildActionMask = 2147483647;
			files = (
				064193691F08483600B7B3FE /* DroidSerif-Regular.ttf in Resources */,
				069FD12C1E5382D4003BDFE2 /* Assets.xcassets in Resources */,
				06478E6D1EE38E390016DF88 /* GoogleService-Info.plist in Resources */,
				061306901E626FC9008E5898 /* Roboto-Light.ttf in Resources */,
				0609E4A61E6284DD005965C5 /* Roboto-Medium.ttf in Resources */,
				0613068E1E626DBA008E5898 /* Roboto-Bold.ttf in Resources */,
				0609E4D11E64A5EA005965C5 /* Roboto-Italic.ttf in Resources */,
				0613068C1E625996008E5898 /* Roboto-Regular.ttf in Resources */,
				069FD1271E5382D4003BDFE2 /* Main.storyboard in Resources */,
			);
			runOnlyForDeploymentPostprocessing = 0;
		};
/* End PBXResourcesBuildPhase section */

/* Begin PBXShellScriptBuildPhase section */
		061E2CB41F1A9F2E004AD3BB /* ShellScript */ = {
			isa = PBXShellScriptBuildPhase;
			buildActionMask = 2147483647;
			files = (
			);
			inputPaths = (
			);
			outputPaths = (
			);
			runOnlyForDeploymentPostprocessing = 0;
			shellPath = /bin/sh;
			shellScript = "\"${PODS_ROOT}/Fabric/run\" a9cc3c114b202ec31390e423f8db307328800a9f 8999b85b5b17d0926cf3c5c45657aee0032aa33c613d4bf7779c97b9eaefdeca";
		};
		A84EBC8586DBFDB8257B3101 /* [CP] Copy Pods Resources */ = {
			isa = PBXShellScriptBuildPhase;
			buildActionMask = 2147483647;
			files = (
			);
			inputPaths = (
			);
			name = "[CP] Copy Pods Resources";
			outputPaths = (
			);
			runOnlyForDeploymentPostprocessing = 0;
			shellPath = /bin/sh;
			shellScript = "\"${SRCROOT}/Pods/Target Support Files/Pods-firetail/Pods-firetail-resources.sh\"\n";
			showEnvVarsInLog = 0;
		};
		D61023DEF98DC337ABF4A391 /* [CP] Check Pods Manifest.lock */ = {
			isa = PBXShellScriptBuildPhase;
			buildActionMask = 2147483647;
			files = (
			);
			inputPaths = (
				"${PODS_PODFILE_DIR_PATH}/Podfile.lock",
				"${PODS_ROOT}/Manifest.lock",
			);
			name = "[CP] Check Pods Manifest.lock";
			outputPaths = (
				"$(DERIVED_FILE_DIR)/Pods-firetail-checkManifestLockResult.txt",
			);
			runOnlyForDeploymentPostprocessing = 0;
			shellPath = /bin/sh;
			shellScript = "diff \"${PODS_PODFILE_DIR_PATH}/Podfile.lock\" \"${PODS_ROOT}/Manifest.lock\" > /dev/null\nif [ $? != 0 ] ; then\n    # print error to STDERR\n    echo \"error: The sandbox is not in sync with the Podfile.lock. Run 'pod install' or update your CocoaPods installation.\" >&2\n    exit 1\nfi\n# This output is used by Xcode 'outputs' to avoid re-running this script phase.\necho \"SUCCESS\" > \"${SCRIPT_OUTPUT_FILE_0}\"\n";
			showEnvVarsInLog = 0;
		};
		FE571FB095EE8D6F88829340 /* [CP] Embed Pods Frameworks */ = {
			isa = PBXShellScriptBuildPhase;
			buildActionMask = 2147483647;
			files = (
			);
			inputPaths = (
				"${SRCROOT}/Pods/Target Support Files/Pods-firetail/Pods-firetail-frameworks.sh",
				"${BUILT_PRODUCTS_DIR}/Charts/Charts.framework",
				"${BUILT_PRODUCTS_DIR}/GTMSessionFetcher/GTMSessionFetcher.framework",
				"${BUILT_PRODUCTS_DIR}/GoogleToolboxForMac/GoogleToolboxForMac.framework",
				"${BUILT_PRODUCTS_DIR}/Protobuf/Protobuf.framework",
				"${BUILT_PRODUCTS_DIR}/ReachabilitySwift/ReachabilitySwift.framework",
				"${BUILT_PRODUCTS_DIR}/SwiftyStoreKit/SwiftyStoreKit.framework",
				"${BUILT_PRODUCTS_DIR}/leveldb-library/leveldb.framework",
				"${BUILT_PRODUCTS_DIR}/nanopb/nanopb.framework",
			);
			name = "[CP] Embed Pods Frameworks";
			outputPaths = (
				"${TARGET_BUILD_DIR}/${FRAMEWORKS_FOLDER_PATH}/Charts.framework",
				"${TARGET_BUILD_DIR}/${FRAMEWORKS_FOLDER_PATH}/GTMSessionFetcher.framework",
				"${TARGET_BUILD_DIR}/${FRAMEWORKS_FOLDER_PATH}/GoogleToolboxForMac.framework",
				"${TARGET_BUILD_DIR}/${FRAMEWORKS_FOLDER_PATH}/Protobuf.framework",
				"${TARGET_BUILD_DIR}/${FRAMEWORKS_FOLDER_PATH}/ReachabilitySwift.framework",
				"${TARGET_BUILD_DIR}/${FRAMEWORKS_FOLDER_PATH}/SwiftyStoreKit.framework",
				"${TARGET_BUILD_DIR}/${FRAMEWORKS_FOLDER_PATH}/leveldb.framework",
				"${TARGET_BUILD_DIR}/${FRAMEWORKS_FOLDER_PATH}/nanopb.framework",
			);
			runOnlyForDeploymentPostprocessing = 0;
			shellPath = /bin/sh;
			shellScript = "\"${SRCROOT}/Pods/Target Support Files/Pods-firetail/Pods-firetail-frameworks.sh\"\n";
			showEnvVarsInLog = 0;
		};
/* End PBXShellScriptBuildPhase section */

/* Begin PBXSourcesBuildPhase section */
		069FD11A1E5382D4003BDFE2 /* Sources */ = {
			isa = PBXSourcesBuildPhase;
			buildActionMask = 2147483647;
			files = (
				06FDA8E01E71B9960043BC90 /* Sets.swift in Sources */,
				0609E4CF1E649596005965C5 /* LoginViewController.swift in Sources */,
				0617DFA51E7DBDC7006D73C5 /* LoadSaveCoreData.swift in Sources */,
				0672601B1E67BD5B00F54500 /* StockGraphView2.swift in Sources */,
				06813A721F616BEE00A420EF /* Alpha.swift in Sources */,
				068D8D251E72F0D700E422DB /* Dot.swift in Sources */,
				06478E711EE5DA450016DF88 /* AddStockPriceViewController.swift in Sources */,
				069FD1241E5382D4003BDFE2 /* GraphViewController.swift in Sources */,
				069FD12A1E5382D4003BDFE2 /* firetail.xcdatamodeld in Sources */,
				06FC95B91E77415500DF7559 /* DailyGraphForAlertView.swift in Sources */,
				06DBD44820EB14C500EFD6AB /* AlertSort.swift in Sources */,
				06FDA8DA1E6F15700043BC90 /* BaseOfGraphView.swift in Sources */,
				06F15E901ED7B3ED00288413 /* Google.swift in Sources */,
				0681F42D1FDC3F8400082DCC /* CompareScroll.swift in Sources */,
				06478E751EE610BC0016DF88 /* AddStockAlertViewController.swift in Sources */,
				062CC7371EDCA66400E2520A /* IndexListOfStocks.swift in Sources */,
				0641936B1F086EDB00B7B3FE /* AddPhoneNumberViewController.swift in Sources */,
				0609E4CD1E649578005965C5 /* SignupViewController.swift in Sources */,
				06DBD44A20EB152200EFD6AB /* MyFileManager.swift in Sources */,
				0617DFA11E7B6F81006D73C5 /* GridLine.swift in Sources */,
				06478E6F1EE5CC100016DF88 /* AddStockTickerViewController.swift in Sources */,
				063A02591F7326D700E530D5 /* CacheManager.swift in Sources */,
				06AC27081E7319F700041D1F /* CompareScrollDot.swift in Sources */,
				06110EA91EB925BF00C901C5 /* ChangePasswordViewController.swift in Sources */,
				062BD2DC20E5C7A7002C5E3C /* AlertCollectionViewCell.swift in Sources */,
				06DDBE261F795A5B00C36CB6 /* CustomColor.swift in Sources */,
				0609E4A81E632DF4005965C5 /* DashboardViewController.swift in Sources */,
				06BB409C1F753E330068636E /* AppLoadingData.swift in Sources */,
				069FD1221E5382D4003BDFE2 /* AppDelegate.swift in Sources */,
				069FD1371E538926003BDFE2 /* ViewSetup.swift in Sources */,
				0617DFA31E7C7E7F006D73C5 /* SettingsViewController.swift in Sources */,
				062BD2DE20E6EC81002C5E3C /* AlertCollectionView.swift in Sources */,
			);
			runOnlyForDeploymentPostprocessing = 0;
		};
/* End PBXSourcesBuildPhase section */

/* Begin PBXVariantGroup section */
		069FD1251E5382D4003BDFE2 /* Main.storyboard */ = {
			isa = PBXVariantGroup;
			children = (
				069FD1261E5382D4003BDFE2 /* Base */,
			);
			name = Main.storyboard;
			sourceTree = "<group>";
		};
/* End PBXVariantGroup section */

/* Begin XCBuildConfiguration section */
		069FD1311E5382D4003BDFE2 /* Debug */ = {
			isa = XCBuildConfiguration;
			buildSettings = {
				ALWAYS_SEARCH_USER_PATHS = NO;
				CLANG_ANALYZER_NONNULL = YES;
				CLANG_CXX_LANGUAGE_STANDARD = "gnu++0x";
				CLANG_CXX_LIBRARY = "libc++";
				CLANG_ENABLE_MODULES = YES;
				CLANG_ENABLE_OBJC_ARC = YES;
				CLANG_WARN_BLOCK_CAPTURE_AUTORELEASING = YES;
				CLANG_WARN_BOOL_CONVERSION = YES;
				CLANG_WARN_COMMA = YES;
				CLANG_WARN_CONSTANT_CONVERSION = YES;
				CLANG_WARN_DEPRECATED_OBJC_IMPLEMENTATIONS = YES;
				CLANG_WARN_DIRECT_OBJC_ISA_USAGE = YES_ERROR;
				CLANG_WARN_DOCUMENTATION_COMMENTS = YES;
				CLANG_WARN_EMPTY_BODY = YES;
				CLANG_WARN_ENUM_CONVERSION = YES;
				CLANG_WARN_INFINITE_RECURSION = YES;
				CLANG_WARN_INT_CONVERSION = YES;
				CLANG_WARN_NON_LITERAL_NULL_CONVERSION = YES;
				CLANG_WARN_OBJC_IMPLICIT_RETAIN_SELF = YES;
				CLANG_WARN_OBJC_LITERAL_CONVERSION = YES;
				CLANG_WARN_OBJC_ROOT_CLASS = YES_ERROR;
				CLANG_WARN_RANGE_LOOP_ANALYSIS = YES;
				CLANG_WARN_STRICT_PROTOTYPES = YES;
				CLANG_WARN_SUSPICIOUS_MOVE = YES;
				CLANG_WARN_UNREACHABLE_CODE = YES;
				CLANG_WARN__DUPLICATE_METHOD_MATCH = YES;
				"CODE_SIGN_IDENTITY[sdk=iphoneos*]" = "iPhone Developer";
				COPY_PHASE_STRIP = NO;
				DEBUG_INFORMATION_FORMAT = dwarf;
				ENABLE_STRICT_OBJC_MSGSEND = YES;
				ENABLE_TESTABILITY = YES;
				GCC_C_LANGUAGE_STANDARD = gnu99;
				GCC_DYNAMIC_NO_PIC = NO;
				GCC_NO_COMMON_BLOCKS = YES;
				GCC_OPTIMIZATION_LEVEL = 0;
				GCC_PREPROCESSOR_DEFINITIONS = (
					"DEBUG=1",
					"$(inherited)",
				);
				GCC_WARN_64_TO_32_BIT_CONVERSION = YES;
				GCC_WARN_ABOUT_RETURN_TYPE = YES_ERROR;
				GCC_WARN_UNDECLARED_SELECTOR = YES;
				GCC_WARN_UNINITIALIZED_AUTOS = YES_AGGRESSIVE;
				GCC_WARN_UNUSED_FUNCTION = YES;
				GCC_WARN_UNUSED_VARIABLE = YES;
				IPHONEOS_DEPLOYMENT_TARGET = 10.2;
				MTL_ENABLE_DEBUG_INFO = YES;
				ONLY_ACTIVE_ARCH = YES;
				SDKROOT = iphoneos;
				SWIFT_ACTIVE_COMPILATION_CONDITIONS = DEBUG;
				SWIFT_OPTIMIZATION_LEVEL = "-Onone";
			};
			name = Debug;
		};
		069FD1321E5382D4003BDFE2 /* Release */ = {
			isa = XCBuildConfiguration;
			buildSettings = {
				ALWAYS_SEARCH_USER_PATHS = NO;
				CLANG_ANALYZER_NONNULL = YES;
				CLANG_CXX_LANGUAGE_STANDARD = "gnu++0x";
				CLANG_CXX_LIBRARY = "libc++";
				CLANG_ENABLE_MODULES = YES;
				CLANG_ENABLE_OBJC_ARC = YES;
				CLANG_WARN_BLOCK_CAPTURE_AUTORELEASING = YES;
				CLANG_WARN_BOOL_CONVERSION = YES;
				CLANG_WARN_COMMA = YES;
				CLANG_WARN_CONSTANT_CONVERSION = YES;
				CLANG_WARN_DEPRECATED_OBJC_IMPLEMENTATIONS = YES;
				CLANG_WARN_DIRECT_OBJC_ISA_USAGE = YES_ERROR;
				CLANG_WARN_DOCUMENTATION_COMMENTS = YES;
				CLANG_WARN_EMPTY_BODY = YES;
				CLANG_WARN_ENUM_CONVERSION = YES;
				CLANG_WARN_INFINITE_RECURSION = YES;
				CLANG_WARN_INT_CONVERSION = YES;
				CLANG_WARN_NON_LITERAL_NULL_CONVERSION = YES;
				CLANG_WARN_OBJC_IMPLICIT_RETAIN_SELF = YES;
				CLANG_WARN_OBJC_LITERAL_CONVERSION = YES;
				CLANG_WARN_OBJC_ROOT_CLASS = YES_ERROR;
				CLANG_WARN_RANGE_LOOP_ANALYSIS = YES;
				CLANG_WARN_STRICT_PROTOTYPES = YES;
				CLANG_WARN_SUSPICIOUS_MOVE = YES;
				CLANG_WARN_UNREACHABLE_CODE = YES;
				CLANG_WARN__DUPLICATE_METHOD_MATCH = YES;
				"CODE_SIGN_IDENTITY[sdk=iphoneos*]" = "iPhone Developer";
				COPY_PHASE_STRIP = NO;
				DEBUG_INFORMATION_FORMAT = "dwarf-with-dsym";
				ENABLE_NS_ASSERTIONS = NO;
				ENABLE_STRICT_OBJC_MSGSEND = YES;
				GCC_C_LANGUAGE_STANDARD = gnu99;
				GCC_NO_COMMON_BLOCKS = YES;
				GCC_WARN_64_TO_32_BIT_CONVERSION = YES;
				GCC_WARN_ABOUT_RETURN_TYPE = YES_ERROR;
				GCC_WARN_UNDECLARED_SELECTOR = YES;
				GCC_WARN_UNINITIALIZED_AUTOS = YES_AGGRESSIVE;
				GCC_WARN_UNUSED_FUNCTION = YES;
				GCC_WARN_UNUSED_VARIABLE = YES;
				IPHONEOS_DEPLOYMENT_TARGET = 10.2;
				MTL_ENABLE_DEBUG_INFO = NO;
				SDKROOT = iphoneos;
				SWIFT_OPTIMIZATION_LEVEL = "-Owholemodule";
				VALIDATE_PRODUCT = YES;
			};
			name = Release;
		};
		069FD1341E5382D4003BDFE2 /* Debug */ = {
			isa = XCBuildConfiguration;
			baseConfigurationReference = 7D7C2B103539D5E6DBD6614D /* Pods-firetail.debug.xcconfig */;
			buildSettings = {
				ASSETCATALOG_COMPILER_APPICON_NAME = AppIcon;
				ASSETCATALOG_COMPILER_LAUNCHIMAGE_NAME = LaunchImage;
				CODE_SIGN_ENTITLEMENTS = firetail/firetail.entitlements;
				DEBUG_INFORMATION_FORMAT = "dwarf-with-dsym";
				DEVELOPMENT_TEAM = 3KFA49ZHXN;
				INFOPLIST_FILE = firetail/Info.plist;
				LD_RUNPATH_SEARCH_PATHS = "$(inherited) @executable_path/Frameworks";
				PRODUCT_BUNDLE_IDENTIFIER = com.halvorsen.firetail;
				PRODUCT_NAME = "$(TARGET_NAME)";
				SWIFT_VERSION = 4.0;
			};
			name = Debug;
		};
		069FD1351E5382D4003BDFE2 /* Release */ = {
			isa = XCBuildConfiguration;
			baseConfigurationReference = 4247F9327201846B6980BFCB /* Pods-firetail.release.xcconfig */;
			buildSettings = {
				ASSETCATALOG_COMPILER_APPICON_NAME = AppIcon;
				ASSETCATALOG_COMPILER_LAUNCHIMAGE_NAME = LaunchImage;
				CODE_SIGN_ENTITLEMENTS = firetail/firetail.entitlements;
				DEBUG_INFORMATION_FORMAT = "dwarf-with-dsym";
				DEVELOPMENT_TEAM = 3KFA49ZHXN;
				INFOPLIST_FILE = firetail/Info.plist;
				LD_RUNPATH_SEARCH_PATHS = "$(inherited) @executable_path/Frameworks";
				PRODUCT_BUNDLE_IDENTIFIER = com.halvorsen.firetail;
				PRODUCT_NAME = "$(TARGET_NAME)";
				SWIFT_VERSION = 4.0;
			};
			name = Release;
		};
/* End XCBuildConfiguration section */

/* Begin XCConfigurationList section */
		069FD1191E5382D3003BDFE2 /* Build configuration list for PBXProject "firetail" */ = {
			isa = XCConfigurationList;
			buildConfigurations = (
				069FD1311E5382D4003BDFE2 /* Debug */,
				069FD1321E5382D4003BDFE2 /* Release */,
			);
			defaultConfigurationIsVisible = 0;
			defaultConfigurationName = Release;
		};
		069FD1331E5382D4003BDFE2 /* Build configuration list for PBXNativeTarget "firetail" */ = {
			isa = XCConfigurationList;
			buildConfigurations = (
				069FD1341E5382D4003BDFE2 /* Debug */,
				069FD1351E5382D4003BDFE2 /* Release */,
			);
			defaultConfigurationIsVisible = 0;
			defaultConfigurationName = Release;
		};
/* End XCConfigurationList section */

/* Begin XCVersionGroup section */
		069FD1281E5382D4003BDFE2 /* firetail.xcdatamodeld */ = {
			isa = XCVersionGroup;
			children = (
				063A025A1F741E0A00E530D5 /* firetail v2.xcdatamodel */,
				069FD1291E5382D4003BDFE2 /* firetail.xcdatamodel */,
			);
			currentVersion = 063A025A1F741E0A00E530D5 /* firetail v2.xcdatamodel */;
			path = firetail.xcdatamodeld;
			sourceTree = "<group>";
			versionGroupType = wrapper.xcdatamodel;
		};
/* End XCVersionGroup section */
	};
	rootObject = 069FD1161E5382D3003BDFE2 /* Project object */;
}
